
Microsoft Visual Studio Solution File, Format Version 11.00
# Visual C# Express 2010
Project("{FAE04EC0-301F-11D3-BF4B-00C04F79EFBC}") = "Mjai3D", "Mjai3D\Mjai3D\Mjai3D.csproj", "{B68C47DA-BBAC-4DA2-A290-BE2119A546A1}"
EndProject
Project("{FAE04EC0-301F-11D3-BF4B-00C04F79EFBC}") = "Mjai3DContent", "Mjai3D\Mjai3DContent\Mjai3DContent.contentproj", "{4531AD5A-3778-48F6-B6F1-52D020947A92}"
EndProject
Project("{FAE04EC0-301F-11D3-BF4B-00C04F79EFBC}") = "Wistery.Majong", "..\Wistery.Majong\Wistery.Majong\Wistery.Majong.csproj", "{83646E0E-B520-495F-9B6A-F7407E9DCE5C}"
EndProject
Global
	GlobalSection(SolutionConfigurationPlatforms) = preSolution
		Debug|Any CPU = Debug|Any CPU
		Debug|Mixed Platforms = Debug|Mixed Platforms
		Debug|x86 = Debug|x86
		Release|Any CPU = Release|Any CPU
		Release|Mixed Platforms = Release|Mixed Platforms
		Release|x86 = Release|x86
	EndGlobalSection
	GlobalSection(ProjectConfigurationPlatforms) = postSolution
		{B68C47DA-BBAC-4DA2-A290-BE2119A546A1}.Debug|Any CPU.ActiveCfg = Debug|x86
		{B68C47DA-BBAC-4DA2-A290-BE2119A546A1}.Debug|Mixed Platforms.ActiveCfg = Debug|x86
		{B68C47DA-BBAC-4DA2-A290-BE2119A546A1}.Debug|Mixed Platforms.Build.0 = Debug|x86
		{B68C47DA-BBAC-4DA2-A290-BE2119A546A1}.Debug|x86.ActiveCfg = Debug|x86
		{B68C47DA-BBAC-4DA2-A290-BE2119A546A1}.Debug|x86.Build.0 = Debug|x86
		{B68C47DA-BBAC-4DA2-A290-BE2119A546A1}.Release|Any CPU.ActiveCfg = Release|x86
		{B68C47DA-BBAC-4DA2-A290-BE2119A546A1}.Release|Mixed Platforms.ActiveCfg = Release|x86
		{B68C47DA-BBAC-4DA2-A290-BE2119A546A1}.Release|Mixed Platforms.Build.0 = Release|x86
		{B68C47DA-BBAC-4DA2-A290-BE2119A546A1}.Release|x86.ActiveCfg = Release|x86
		{B68C47DA-BBAC-4DA2-A290-BE2119A546A1}.Release|x86.Build.0 = Release|x86
		{4531AD5A-3778-48F6-B6F1-52D020947A92}.Debug|Any CPU.ActiveCfg = Debug|x86
		{4531AD5A-3778-48F6-B6F1-52D020947A92}.Debug|Mixed Platforms.ActiveCfg = Debug|x86
		{4531AD5A-3778-48F6-B6F1-52D020947A92}.Debug|x86.ActiveCfg = Debug|x86
		{4531AD5A-3778-48F6-B6F1-52D020947A92}.Release|Any CPU.ActiveCfg = Release|x86
		{4531AD5A-3778-48F6-B6F1-52D020947A92}.Release|Mixed Platforms.ActiveCfg = Release|x86
		{4531AD5A-3778-48F6-B6F1-52D020947A92}.Release|x86.ActiveCfg = Release|x86
		{83646E0E-B520-495F-9B6A-F7407E9DCE5C}.Debug|Any CPU.ActiveCfg = Debug|Any CPU
		{83646E0E-B520-495F-9B6A-F7407E9DCE5C}.Debug|Any CPU.Build.0 = Debug|Any CPU
		{83646E0E-B520-495F-9B6A-F7407E9DCE5C}.Debug|Mixed Platforms.ActiveCfg = Debug|Any CPU
		{83646E0E-B520-495F-9B6A-F7407E9DCE5C}.Debug|Mixed Platforms.Build.0 = Debug|Any CPU
		{83646E0E-B520-495F-9B6A-F7407E9DCE5C}.Debug|x86.ActiveCfg = Debug|Any CPU
		{83646E0E-B520-495F-9B6A-F7407E9DCE5C}.Release|Any CPU.ActiveCfg = Release|Any CPU
		{83646E0E-B520-495F-9B6A-F7407E9DCE5C}.Release|Any CPU.Build.0 = Release|Any CPU
		{83646E0E-B520-495F-9B6A-F7407E9DCE5C}.Release|Mixed Platforms.ActiveCfg = Release|Any CPU
		{83646E0E-B520-495F-9B6A-F7407E9DCE5C}.Release|Mixed Platforms.Build.0 = Release|Any CPU
		{83646E0E-B520-495F-9B6A-F7407E9DCE5C}.Release|x86.ActiveCfg = Release|Any CPU
	EndGlobalSection
	GlobalSection(SolutionProperties) = preSolution
		HideSolutionNode = FALSE
	EndGlobalSection
EndGlobal
