
Microsoft Visual Studio Solution File, Format Version 11.00
# Visual C# Express 2010
Project("{FAE04EC0-301F-11D3-BF4B-00C04F79EFBC}") = "Mjai3D", "Mjai3D\Mjai3D\Mjai3D.csproj", "{B68C47DA-BBAC-4DA2-A290-BE2119A546A1}"
EndProject
Project("{FAE04EC0-301F-11D3-BF4B-00C04F79EFBC}") = "Mjai3DContent", "Mjai3D\Mjai3DContent\Mjai3DContent.contentproj", "{4531AD5A-3778-48F6-B6F1-52D020947A92}"
EndProject
Global
	GlobalSection(SolutionConfigurationPlatforms) = preSolution
		Debug|x86 = Debug|x86
		Release|x86 = Release|x86
	EndGlobalSection
	GlobalSection(ProjectConfigurationPlatforms) = postSolution
		{B68C47DA-BBAC-4DA2-A290-BE2119A546A1}.Debug|x86.ActiveCfg = Debug|x86
		{B68C47DA-BBAC-4DA2-A290-BE2119A546A1}.Debug|x86.Build.0 = Debug|x86
		{B68C47DA-BBAC-4DA2-A290-BE2119A546A1}.Release|x86.ActiveCfg = Release|x86
		{B68C47DA-BBAC-4DA2-A290-BE2119A546A1}.Release|x86.Build.0 = Release|x86
		{4531AD5A-3778-48F6-B6F1-52D020947A92}.Debug|x86.ActiveCfg = Debug|x86
		{4531AD5A-3778-48F6-B6F1-52D020947A92}.Release|x86.ActiveCfg = Release|x86
	EndGlobalSection
	GlobalSection(SolutionProperties) = preSolution
		HideSolutionNode = FALSE
	EndGlobalSection
EndGlobal
